
Microsoft Visual Studio Solution File, Format Version 12.00
# Visual Studio Version 16
VisualStudioVersion = 16.0.30523.141
MinimumVisualStudioVersion = 10.0.40219.1
Project("{FAE04EC0-301F-11D3-BF4B-00C04F79EFBC}") = "LAXasp", "LAXasp\LAXasp.csproj", "{39AA85EA-558E-46A5-9B14-599980219122}"
EndProject
Global
	GlobalSection(SolutionConfigurationPlatforms) = preSolution
		Debug|Any CPU = Debug|Any CPU
		Release|Any CPU = Release|Any CPU
	EndGlobalSection
	GlobalSection(ProjectConfigurationPlatforms) = postSolution
		{39AA85EA-558E-46A5-9B14-599980219122}.Debug|Any CPU.ActiveCfg = Debug|Any CPU
		{39AA85EA-558E-46A5-9B14-599980219122}.Debug|Any CPU.Build.0 = Debug|Any CPU
		{39AA85EA-558E-46A5-9B14-599980219122}.Release|Any CPU.ActiveCfg = Release|Any CPU
		{39AA85EA-558E-46A5-9B14-599980219122}.Release|Any CPU.Build.0 = Release|Any CPU
	EndGlobalSection
	GlobalSection(SolutionProperties) = preSolution
		HideSolutionNode = FALSE
	EndGlobalSection
	GlobalSection(ExtensibilityGlobals) = postSolution
		SolutionGuid = {C78A2255-2EA8-4D1C-85A5-92101FA0B664}
	EndGlobalSection
EndGlobal
